Microsoft Visual Studio Solution File, Format Version 11.00
# Visual Studio 2008

Project("{BD11537F-1BC3-1E33-4497-EC5463FC575E}") = "P3", "Assembly-CSharp.csproj", "{04F83398-B97A-EF6C-1C39-481D0ECF24A8}"
EndProject
Project("{BD11537F-1BC3-1E33-4497-EC5463FC575E}") = "P3", "Assembly-CSharp-Editor.csproj", "{2167A6B1-2FBC-D74C-DFDE-D16763412211}"
EndProject
Global
	GlobalSection(SolutionConfigurationPlatforms) = preSolution
		Debug|Any CPU = Debug|Any CPU
		Release|Any CPU = Release|Any CPU
	EndGlobalSection
	GlobalSection(ProjectConfigurationPlatforms) = postSolution
		{04F83398-B97A-EF6C-1C39-481D0ECF24A8}.Debug|Any CPU.ActiveCfg = Debug|Any CPU
		{04F83398-B97A-EF6C-1C39-481D0ECF24A8}.Debug|Any CPU.Build.0 = Debug|Any CPU
		{04F83398-B97A-EF6C-1C39-481D0ECF24A8}.Release|Any CPU.ActiveCfg = Release|Any CPU
		{04F83398-B97A-EF6C-1C39-481D0ECF24A8}.Release|Any CPU.Build.0 = Release|Any CPU
		{2167A6B1-2FBC-D74C-DFDE-D16763412211}.Debug|Any CPU.ActiveCfg = Debug|Any CPU
		{2167A6B1-2FBC-D74C-DFDE-D16763412211}.Debug|Any CPU.Build.0 = Debug|Any CPU
		{2167A6B1-2FBC-D74C-DFDE-D16763412211}.Release|Any CPU.ActiveCfg = Release|Any CPU
		{2167A6B1-2FBC-D74C-DFDE-D16763412211}.Release|Any CPU.Build.0 = Release|Any CPU
	EndGlobalSection
	GlobalSection(SolutionProperties) = preSolution
		HideSolutionNode = FALSE
	EndGlobalSection
	GlobalSection(MonoDevelopProperties) = preSolution
		StartupItem = Assembly-CSharp.csproj
	EndGlobalSection
EndGlobal
